
Microsoft Visual Studio Solution File, Format Version 12.00
# Visual Studio Version 17
VisualStudioVersion = 17.8.34316.72
MinimumVisualStudioVersion = 10.0.40219.1
Project("{9A19103F-16F7-4668-BE54-9A1E7A4F7556}") = "mapBuild", "mapBuild\mapBuild.csproj", "{6F347B13-C90E-4DED-B61E-BEEA7D1A1BC5}"
EndProject
Project("{2150E333-8FDC-42A3-9474-1A3956D46DE8}") = "Solution Items", "Solution Items", "{35BB057F-BE16-4593-9C4F-E3B98A88078C}"
	ProjectSection(SolutionItems) = preProject
		.gitignore = .gitignore
		README.md = README.md
	EndProjectSection
EndProject
Global
	GlobalSection(SolutionConfigurationPlatforms) = preSolution
		Debug|Any CPU = Debug|Any CPU
		Release|Any CPU = Release|Any CPU
	EndGlobalSection
	GlobalSection(ProjectConfigurationPlatforms) = postSolution
		{6F347B13-C90E-4DED-B61E-BEEA7D1A1BC5}.Debug|Any CPU.ActiveCfg = Debug|Any CPU
		{6F347B13-C90E-4DED-B61E-BEEA7D1A1BC5}.Debug|Any CPU.Build.0 = Debug|Any CPU
		{6F347B13-C90E-4DED-B61E-BEEA7D1A1BC5}.Release|Any CPU.ActiveCfg = Release|Any CPU
		{6F347B13-C90E-4DED-B61E-BEEA7D1A1BC5}.Release|Any CPU.Build.0 = Release|Any CPU
	EndGlobalSection
	GlobalSection(SolutionProperties) = preSolution
		HideSolutionNode = FALSE
	EndGlobalSection
	GlobalSection(ExtensibilityGlobals) = postSolution
		SolutionGuid = {63BBFB3B-DA49-419D-8A87-E764EEC1FA5F}
	EndGlobalSection
EndGlobal
